
Microsoft Visual Studio Solution File, Format Version 12.00
# Visual Studio Version 17
VisualStudioVersion = 17.2.32616.157
MinimumVisualStudioVersion = 10.0.40219.1
Project("{9A19103F-16F7-4668-BE54-9A1E7A4F7556}") = "SeaBattle", "SeaBattle\SeaBattle.csproj", "{B463DEF7-5201-4C65-8214-E417499FC771}"
EndProject
Global
	GlobalSection(SolutionConfigurationPlatforms) = preSolution
		Debug|Any CPU = Debug|Any CPU
		Release|Any CPU = Release|Any CPU
	EndGlobalSection
	GlobalSection(ProjectConfigurationPlatforms) = postSolution
		{B463DEF7-5201-4C65-8214-E417499FC771}.Debug|Any CPU.ActiveCfg = Debug|Any CPU
		{B463DEF7-5201-4C65-8214-E417499FC771}.Debug|Any CPU.Build.0 = Debug|Any CPU
		{B463DEF7-5201-4C65-8214-E417499FC771}.Release|Any CPU.ActiveCfg = Release|Any CPU
		{B463DEF7-5201-4C65-8214-E417499FC771}.Release|Any CPU.Build.0 = Release|Any CPU
	EndGlobalSection
	GlobalSection(SolutionProperties) = preSolution
		HideSolutionNode = FALSE
	EndGlobalSection
	GlobalSection(ExtensibilityGlobals) = postSolution
		SolutionGuid = {CAEECF75-E4D7-4BB2-8B88-40D0C890ACA8}
	EndGlobalSection
EndGlobal
